
Microsoft Visual Studio Solution File, Format Version 12.00
# Visual Studio Version 17
VisualStudioVersion = 17.4.33103.184
MinimumVisualStudioVersion = 10.0.40219.1
Project("{8BC9CEB8-8B4A-11D0-8D11-00A0C91BC942}") = "lab3", "lab3\lab3.vcxproj", "{F900CFFF-7FCD-4003-8F47-15E70E57D0C9}"
EndProject
Global
	GlobalSection(SolutionConfigurationPlatforms) = preSolution
		Debug|x64 = Debug|x64
		Debug|x86 = Debug|x86
		Release|x64 = Release|x64
		Release|x86 = Release|x86
	EndGlobalSection
	GlobalSection(ProjectConfigurationPlatforms) = postSolution
		{F900CFFF-7FCD-4003-8F47-15E70E57D0C9}.Debug|x64.ActiveCfg = Debug|x64
		{F900CFFF-7FCD-4003-8F47-15E70E57D0C9}.Debug|x64.Build.0 = Debug|x64
		{F900CFFF-7FCD-4003-8F47-15E70E57D0C9}.Debug|x86.ActiveCfg = Debug|Win32
		{F900CFFF-7FCD-4003-8F47-15E70E57D0C9}.Debug|x86.Build.0 = Debug|Win32
		{F900CFFF-7FCD-4003-8F47-15E70E57D0C9}.Release|x64.ActiveCfg = Release|x64
		{F900CFFF-7FCD-4003-8F47-15E70E57D0C9}.Release|x64.Build.0 = Release|x64
		{F900CFFF-7FCD-4003-8F47-15E70E57D0C9}.Release|x86.ActiveCfg = Release|Win32
		{F900CFFF-7FCD-4003-8F47-15E70E57D0C9}.Release|x86.Build.0 = Release|Win32
	EndGlobalSection
	GlobalSection(SolutionProperties) = preSolution
		HideSolutionNode = FALSE
	EndGlobalSection
	GlobalSection(ExtensibilityGlobals) = postSolution
		SolutionGuid = {09D9495A-430D-4358-A618-01D1F757BBD6}
	EndGlobalSection
EndGlobal
